
Microsoft Visual Studio Solution File, Format Version 12.00
# Visual Studio 15
VisualStudioVersion = 15.0.28307.779
MinimumVisualStudioVersion = 10.0.40219.1
Project("{FAE04EC0-301F-11D3-BF4B-00C04F79EFBC}") = "WinAsynchDelegate", "WinAsynchDelegate\WinAsynchDelegate.csproj", "{755680DC-848B-48B5-99B4-D356DD6896FD}"
EndProject
Global
	GlobalSection(SolutionConfigurationPlatforms) = preSolution
		Debug|Any CPU = Debug|Any CPU
		Release|Any CPU = Release|Any CPU
	EndGlobalSection
	GlobalSection(ProjectConfigurationPlatforms) = postSolution
		{755680DC-848B-48B5-99B4-D356DD6896FD}.Debug|Any CPU.ActiveCfg = Debug|Any CPU
		{755680DC-848B-48B5-99B4-D356DD6896FD}.Debug|Any CPU.Build.0 = Debug|Any CPU
		{755680DC-848B-48B5-99B4-D356DD6896FD}.Release|Any CPU.ActiveCfg = Release|Any CPU
		{755680DC-848B-48B5-99B4-D356DD6896FD}.Release|Any CPU.Build.0 = Release|Any CPU
	EndGlobalSection
	GlobalSection(SolutionProperties) = preSolution
		HideSolutionNode = FALSE
	EndGlobalSection
	GlobalSection(ExtensibilityGlobals) = postSolution
		SolutionGuid = {8CFB37D3-1AA7-45F0-A9CC-E126821FD07D}
	EndGlobalSection
EndGlobal
