
Microsoft Visual Studio Solution File, Format Version 12.00
# Visual Studio 15
VisualStudioVersion = 15.0.28307.779
MinimumVisualStudioVersion = 10.0.40219.1
Project("{FAE04EC0-301F-11D3-BF4B-00C04F79EFBC}") = "PDF Reader", "PDF Reader\PDF Reader.csproj", "{D282A5DF-334F-4134-95CD-EF23CFA659AA}"
EndProject
Global
	GlobalSection(SolutionConfigurationPlatforms) = preSolution
		Debug|Any CPU = Debug|Any CPU
		Release|Any CPU = Release|Any CPU
	EndGlobalSection
	GlobalSection(ProjectConfigurationPlatforms) = postSolution
		{D282A5DF-334F-4134-95CD-EF23CFA659AA}.Debug|Any CPU.ActiveCfg = Debug|Any CPU
		{D282A5DF-334F-4134-95CD-EF23CFA659AA}.Debug|Any CPU.Build.0 = Debug|Any CPU
		{D282A5DF-334F-4134-95CD-EF23CFA659AA}.Release|Any CPU.ActiveCfg = Release|Any CPU
		{D282A5DF-334F-4134-95CD-EF23CFA659AA}.Release|Any CPU.Build.0 = Release|Any CPU
	EndGlobalSection
	GlobalSection(SolutionProperties) = preSolution
		HideSolutionNode = FALSE
	EndGlobalSection
	GlobalSection(ExtensibilityGlobals) = postSolution
		SolutionGuid = {A0DF0729-F9B2-4641-9358-1A1DC0F07799}
	EndGlobalSection
EndGlobal
